
Microsoft Visual Studio Solution File, Format Version 12.00
# Visual Studio Version 16
VisualStudioVersion = 16.0.30011.22
MinimumVisualStudioVersion = 10.0.40219.1
Project("{9A19103F-16F7-4668-BE54-9A1E7A4F7556}") = "Chapter7Console", "MainConsole\Chapter7Console.csproj", "{3FC8F62E-4F27-46E8-9501-3C596908A72D}"
EndProject
Project("{9A19103F-16F7-4668-BE54-9A1E7A4F7556}") = "CSharpAlgotihmicThinking.Algorithms", "CSharpAlgotihmicThinking.Algorithms\CSharpAlgotihmicThinking.Algorithms.csproj", "{425883DD-1036-4AFB-A567-EFB91973BD39}"
EndProject
Project("{9A19103F-16F7-4668-BE54-9A1E7A4F7556}") = "CSharpAlgotihmicThinking.Chapter10Console", "CSharpAlgotihmicThinking.Chapter10Console\CSharpAlgotihmicThinking.Chapter10Console.csproj", "{0E65D443-4FFD-426B-8B04-A354E2030A4C}"
EndProject
Project("{FAE04EC0-301F-11D3-BF4B-00C04F79EFBC}") = "CSharpAlgotihmicThinking.Chapter11Console", "CSharpAlgotihmicThinking.Chapter11Console\CSharpAlgotihmicThinking.Chapter11Console.csproj", "{7507B648-C13F-42F9-8C2B-7DC36BA753EE}"
EndProject
Global
	GlobalSection(SolutionConfigurationPlatforms) = preSolution
		Debug|Any CPU = Debug|Any CPU
		Release|Any CPU = Release|Any CPU
	EndGlobalSection
	GlobalSection(ProjectConfigurationPlatforms) = postSolution
		{3FC8F62E-4F27-46E8-9501-3C596908A72D}.Debug|Any CPU.ActiveCfg = Debug|Any CPU
		{3FC8F62E-4F27-46E8-9501-3C596908A72D}.Debug|Any CPU.Build.0 = Debug|Any CPU
		{3FC8F62E-4F27-46E8-9501-3C596908A72D}.Release|Any CPU.ActiveCfg = Release|Any CPU
		{3FC8F62E-4F27-46E8-9501-3C596908A72D}.Release|Any CPU.Build.0 = Release|Any CPU
		{425883DD-1036-4AFB-A567-EFB91973BD39}.Debug|Any CPU.ActiveCfg = Debug|Any CPU
		{425883DD-1036-4AFB-A567-EFB91973BD39}.Debug|Any CPU.Build.0 = Debug|Any CPU
		{425883DD-1036-4AFB-A567-EFB91973BD39}.Release|Any CPU.ActiveCfg = Release|Any CPU
		{425883DD-1036-4AFB-A567-EFB91973BD39}.Release|Any CPU.Build.0 = Release|Any CPU
		{0E65D443-4FFD-426B-8B04-A354E2030A4C}.Debug|Any CPU.ActiveCfg = Debug|Any CPU
		{0E65D443-4FFD-426B-8B04-A354E2030A4C}.Debug|Any CPU.Build.0 = Debug|Any CPU
		{0E65D443-4FFD-426B-8B04-A354E2030A4C}.Release|Any CPU.ActiveCfg = Release|Any CPU
		{0E65D443-4FFD-426B-8B04-A354E2030A4C}.Release|Any CPU.Build.0 = Release|Any CPU
		{7507B648-C13F-42F9-8C2B-7DC36BA753EE}.Debug|Any CPU.ActiveCfg = Debug|Any CPU
		{7507B648-C13F-42F9-8C2B-7DC36BA753EE}.Debug|Any CPU.Build.0 = Debug|Any CPU
		{7507B648-C13F-42F9-8C2B-7DC36BA753EE}.Release|Any CPU.ActiveCfg = Release|Any CPU
		{7507B648-C13F-42F9-8C2B-7DC36BA753EE}.Release|Any CPU.Build.0 = Release|Any CPU
	EndGlobalSection
	GlobalSection(SolutionProperties) = preSolution
		HideSolutionNode = FALSE
	EndGlobalSection
	GlobalSection(ExtensibilityGlobals) = postSolution
		SolutionGuid = {059EF6CB-A5D9-44C1-A1FD-05E744D1EA16}
	EndGlobalSection
EndGlobal
